
Microsoft Visual Studio Solution File, Format Version 12.00
# Visual Studio 14
VisualStudioVersion = 14.0.25420.1
MinimumVisualStudioVersion = 10.0.40219.1
Project("{FAE04EC0-301F-11D3-BF4B-00C04F79EFBC}") = "LWD_DataProcess_Correction", "LWD_DataProcess_Correction.csproj", "{7294FFA8-5F82-4FEC-8070-9D26357A0A48}"
EndProject
Project("{FAE04EC0-301F-11D3-BF4B-00C04F79EFBC}") = "Correction.DAL", "..\Correction.DAL\Correction.DAL.csproj", "{C58DB379-BE80-4DA8-9EA4-E4B54243DA96}"
EndProject
Global
	GlobalSection(SolutionConfigurationPlatforms) = preSolution
		Debug|Any CPU = Debug|Any CPU
		Release|Any CPU = Release|Any CPU
	EndGlobalSection
	GlobalSection(ProjectConfigurationPlatforms) = postSolution
		{7294FFA8-5F82-4FEC-8070-9D26357A0A48}.Debug|Any CPU.ActiveCfg = Debug|Any CPU
		{7294FFA8-5F82-4FEC-8070-9D26357A0A48}.Debug|Any CPU.Build.0 = Debug|Any CPU
		{7294FFA8-5F82-4FEC-8070-9D26357A0A48}.Debug|Any CPU.Deploy.0 = Debug|Any CPU
		{7294FFA8-5F82-4FEC-8070-9D26357A0A48}.Release|Any CPU.ActiveCfg = Release|Any CPU
		{7294FFA8-5F82-4FEC-8070-9D26357A0A48}.Release|Any CPU.Build.0 = Release|Any CPU
		{C58DB379-BE80-4DA8-9EA4-E4B54243DA96}.Debug|Any CPU.ActiveCfg = Debug|Any CPU
		{C58DB379-BE80-4DA8-9EA4-E4B54243DA96}.Debug|Any CPU.Build.0 = Debug|Any CPU
		{C58DB379-BE80-4DA8-9EA4-E4B54243DA96}.Release|Any CPU.ActiveCfg = Release|Any CPU
		{C58DB379-BE80-4DA8-9EA4-E4B54243DA96}.Release|Any CPU.Build.0 = Release|Any CPU
	EndGlobalSection
	GlobalSection(SolutionProperties) = preSolution
		HideSolutionNode = FALSE
	EndGlobalSection
EndGlobal
